
Microsoft Visual Studio Solution File, Format Version 12.00
# Visual Studio Version 17
VisualStudioVersion = 17.3.32901.215
MinimumVisualStudioVersion = 10.0.40219.1
Project("{9A19103F-16F7-4668-BE54-9A1E7A4F7556}") = "HeroMed-API", "HeroMed-API.csproj", "{2CE14D10-946D-4C31-A439-8D3F184B11B1}"
EndProject
Project("{2150E333-8FDC-42A3-9474-1A3956D46DE8}") = "Solution Items", "Solution Items", "{6CE8434B-409F-411E-A9F0-AED02682D7A6}"
	ProjectSection(SolutionItems) = preProject
		.editorconfig = .editorconfig
	EndProjectSection
EndProject
Project("{9A19103F-16F7-4668-BE54-9A1E7A4F7556}") = "TransferServices", "..\CommunicationServices\TransferServices.csproj", "{858B5E49-F36A-4634-9244-A8003B373A79}"
EndProject
Project("{9A19103F-16F7-4668-BE54-9A1E7A4F7556}") = "TransformerServices", "..\TransformerServices\TransformerServices.csproj", "{9E7339C9-49CD-4369-B01F-D71E7737310D}"
EndProject
Project("{FAE04EC0-301F-11D3-BF4B-00C04F79EFBC}") = "ReportingServices", "..\ReportingServices\ReportingServices.csproj", "{CF197C35-1EF4-4879-8C45-190370B8D286}"
EndProject
Global
	GlobalSection(SolutionConfigurationPlatforms) = preSolution
		Debug|Any CPU = Debug|Any CPU
		DebugLocal|Any CPU = DebugLocal|Any CPU
		Release|Any CPU = Release|Any CPU
	EndGlobalSection
	GlobalSection(ProjectConfigurationPlatforms) = postSolution
		{2CE14D10-946D-4C31-A439-8D3F184B11B1}.Debug|Any CPU.ActiveCfg = Debug|Any CPU
		{2CE14D10-946D-4C31-A439-8D3F184B11B1}.Debug|Any CPU.Build.0 = Debug|Any CPU
		{2CE14D10-946D-4C31-A439-8D3F184B11B1}.DebugLocal|Any CPU.ActiveCfg = Debug|Any CPU
		{2CE14D10-946D-4C31-A439-8D3F184B11B1}.DebugLocal|Any CPU.Build.0 = Debug|Any CPU
		{2CE14D10-946D-4C31-A439-8D3F184B11B1}.Release|Any CPU.ActiveCfg = Release|Any CPU
		{2CE14D10-946D-4C31-A439-8D3F184B11B1}.Release|Any CPU.Build.0 = Release|Any CPU
		{858B5E49-F36A-4634-9244-A8003B373A79}.Debug|Any CPU.ActiveCfg = Debug|Any CPU
		{858B5E49-F36A-4634-9244-A8003B373A79}.Debug|Any CPU.Build.0 = Debug|Any CPU
		{858B5E49-F36A-4634-9244-A8003B373A79}.DebugLocal|Any CPU.ActiveCfg = Debug|Any CPU
		{858B5E49-F36A-4634-9244-A8003B373A79}.DebugLocal|Any CPU.Build.0 = Debug|Any CPU
		{858B5E49-F36A-4634-9244-A8003B373A79}.Release|Any CPU.ActiveCfg = Release|Any CPU
		{858B5E49-F36A-4634-9244-A8003B373A79}.Release|Any CPU.Build.0 = Release|Any CPU
		{9E7339C9-49CD-4369-B01F-D71E7737310D}.Debug|Any CPU.ActiveCfg = Debug|Any CPU
		{9E7339C9-49CD-4369-B01F-D71E7737310D}.Debug|Any CPU.Build.0 = Debug|Any CPU
		{9E7339C9-49CD-4369-B01F-D71E7737310D}.DebugLocal|Any CPU.ActiveCfg = Debug|Any CPU
		{9E7339C9-49CD-4369-B01F-D71E7737310D}.Release|Any CPU.ActiveCfg = Release|Any CPU
		{9E7339C9-49CD-4369-B01F-D71E7737310D}.Release|Any CPU.Build.0 = Release|Any CPU
		{CF197C35-1EF4-4879-8C45-190370B8D286}.Debug|Any CPU.ActiveCfg = Debug|Any CPU
		{CF197C35-1EF4-4879-8C45-190370B8D286}.Debug|Any CPU.Build.0 = Debug|Any CPU
		{CF197C35-1EF4-4879-8C45-190370B8D286}.DebugLocal|Any CPU.ActiveCfg = Debug|Any CPU
		{CF197C35-1EF4-4879-8C45-190370B8D286}.DebugLocal|Any CPU.Build.0 = Debug|Any CPU
		{CF197C35-1EF4-4879-8C45-190370B8D286}.Release|Any CPU.ActiveCfg = Release|Any CPU
		{CF197C35-1EF4-4879-8C45-190370B8D286}.Release|Any CPU.Build.0 = Release|Any CPU
	EndGlobalSection
	GlobalSection(SolutionProperties) = preSolution
		HideSolutionNode = FALSE
	EndGlobalSection
	GlobalSection(ExtensibilityGlobals) = postSolution
		SolutionGuid = {59D439C8-C4DD-4BEC-B7A3-4B87BC8AEC01}
	EndGlobalSection
EndGlobal
